# THIS IS AN AUTOGENERATED FILE. DO NOT EDIT THIS FILE DIRECTLY.
# yarn lockfile v1


"@types/estree@0.0.39":
  version "0.0.39"
  resolved "https://registry.yarnpkg.com/@types/estree/-/estree-0.0.39.tgz#e177e699ee1b8c22d23174caaa7422644389509f"
  integrity sha512-EYNwp3bU+98cpU4lAWYYL7Zz+2gryWH1qbdDTidVd6hkiR6weksdbMadyXKXNPEkQFhXM+hVO9ZygomHXp+AIw==

"@types/node@^12.0.3":
  version "12.0.7"
  resolved "https://registry.yarnpkg.com/@types/node/-/node-12.0.7.tgz#4f2563bad652b2acb1722d7e7aae2b0ff62d192c"
  integrity sha512-1YKeT4JitGgE4SOzyB9eMwO0nGVNkNEsm9qlIt1Lqm/tG2QEiSMTD4kS3aO6L+w5SClLVxALmIBESK6Mk5wX0A==

acorn@^6.1.1:
  version "6.1.1"
  resolved "https://registry.yarnpkg.com/acorn/-/acorn-6.1.1.tgz#7d25ae05bb8ad1f9b699108e1094ecd7884adc1f"
  integrity sha512-jPTiwtOxaHNaAPg/dmrJ/beuzLRnXtB0kQPQ8JpotKJgTB6rX6c8mlf315941pyjBSaPg8NHXS9fhP4u17DpGA==

esm@^3.2.25:
  version "3.2.25"
  resolved "https://registry.yarnpkg.com/esm/-/esm-3.2.25.tgz#342c18c29d56157688ba5ce31f8431fbb795cc10"
  integrity sha512-U1suiZ2oDVWv4zPO56S0NcR5QriEahGtdN2OR6FiOG4WJvcjBVFB0qI4+eKoWFH483PKGuLuu6V8Z4T5g63UVA==

rollup@^1.14.4:
  version "1.14.4"
  resolved "https://registry.yarnpkg.com/rollup/-/rollup-1.14.4.tgz#f9af78f142e8c5851e3392bda488df489181ac60"
  integrity sha512-sR5/cqbQUg72Lm2TZgjzI3/Q1V7osP/PXlqNpSLCMSTnSg8xQ9ECFQSNEG1OOjKzPMqboEqeayRyYzi+IfkDgQ==
  dependencies:
    "@types/estree" "0.0.39"
    "@types/node" "^12.0.3"
    acorn "^6.1.1"
